Microsoft Visual Studio Solution File, Format Version 12.00
# Visual Studio Version 17
VisualStudioVersion = 17.5.2.0
MinimumVisualStudioVersion = 10.0.40219.1
Project("{FAE04EC0-301F-11D3-BF4B-00C04F79EFBC}") = "watchflix", "watchflix.csproj", "{5CBDE3C6-977B-05F8-A4C5-4F6A57474D43}"
EndProject
Global
	GlobalSection(SolutionConfigurationPlatforms) = preSolution
		Debug|Any CPU = Debug|Any CPU
		Release|Any CPU = Release|Any CPU
	EndGlobalSection
	GlobalSection(ProjectConfigurationPlatforms) = postSolution
		{5CBDE3C6-977B-05F8-A4C5-4F6A57474D43}.Debug|Any CPU.ActiveCfg = Debug|Any CPU
		{5CBDE3C6-977B-05F8-A4C5-4F6A57474D43}.Debug|Any CPU.Build.0 = Debug|Any CPU
		{5CBDE3C6-977B-05F8-A4C5-4F6A57474D43}.Release|Any CPU.ActiveCfg = Release|Any CPU
		{5CBDE3C6-977B-05F8-A4C5-4F6A57474D43}.Release|Any CPU.Build.0 = Release|Any CPU
	EndGlobalSection
	GlobalSection(SolutionProperties) = preSolution
		HideSolutionNode = FALSE
	EndGlobalSection
	GlobalSection(ExtensibilityGlobals) = postSolution
<<<<<<< HEAD
		SolutionGuid = {67402BBA-1A23-4A8F-9061-F6213E2F3694}
=======
		SolutionGuid = {19E84A9A-D293-4E61-B55A-56A4C47C62F5}
>>>>>>> origin/ADOCatégorie
	EndGlobalSection
EndGlobal
